
Microsoft Visual Studio Solution File, Format Version 12.00
# Visual Studio Version 17
VisualStudioVersion = 17.4.33122.133
MinimumVisualStudioVersion = 10.0.40219.1
Project("{9A19103F-16F7-4668-BE54-9A1E7A4F7556}") = "005_Variables", "005_Variables\005_Variables.csproj", "{A7F993BF-24B7-4B7B-B5B7-F2F77CE4DA34}"
EndProject
Project("{FAE04EC0-301F-11D3-BF4B-00C04F79EFBC}") = "010_MyProgram", "010_MyProgram\010_MyProgram.csproj", "{6E0589C0-AA2D-4DED-BDC5-D6A48BBE9192}"
EndProject
Global
	GlobalSection(SolutionConfigurationPlatforms) = preSolution
		Debug|Any CPU = Debug|Any CPU
		Release|Any CPU = Release|Any CPU
	EndGlobalSection
	GlobalSection(ProjectConfigurationPlatforms) = postSolution
		{A7F993BF-24B7-4B7B-B5B7-F2F77CE4DA34}.Debug|Any CPU.ActiveCfg = Debug|Any CPU
		{A7F993BF-24B7-4B7B-B5B7-F2F77CE4DA34}.Debug|Any CPU.Build.0 = Debug|Any CPU
		{A7F993BF-24B7-4B7B-B5B7-F2F77CE4DA34}.Release|Any CPU.ActiveCfg = Release|Any CPU
		{A7F993BF-24B7-4B7B-B5B7-F2F77CE4DA34}.Release|Any CPU.Build.0 = Release|Any CPU
		{6E0589C0-AA2D-4DED-BDC5-D6A48BBE9192}.Debug|Any CPU.ActiveCfg = Debug|Any CPU
		{6E0589C0-AA2D-4DED-BDC5-D6A48BBE9192}.Debug|Any CPU.Build.0 = Debug|Any CPU
		{6E0589C0-AA2D-4DED-BDC5-D6A48BBE9192}.Release|Any CPU.ActiveCfg = Release|Any CPU
		{6E0589C0-AA2D-4DED-BDC5-D6A48BBE9192}.Release|Any CPU.Build.0 = Release|Any CPU
	EndGlobalSection
	GlobalSection(SolutionProperties) = preSolution
		HideSolutionNode = FALSE
	EndGlobalSection
	GlobalSection(ExtensibilityGlobals) = postSolution
		SolutionGuid = {F7F84B76-884D-4D80-8E35-D4C5FDDFE578}
	EndGlobalSection
EndGlobal
