
Microsoft Visual Studio Solution File, Format Version 12.00
# Visual Studio Version 17
VisualStudioVersion = 17.2.32516.85
MinimumVisualStudioVersion = 10.0.40219.1
Project("{9A19103F-16F7-4668-BE54-9A1E7A4F7556}") = "Triangle", "Triangle.csproj", "{B9956F4D-E91C-44CE-9CAD-5B91E879833C}"
EndProject
Project("{FAE04EC0-301F-11D3-BF4B-00C04F79EFBC}") = "Sum_of_digits", "..\Sum_of_digits\Sum_of_digits.csproj", "{6E84FB6D-4B3A-49FB-96D5-EF26B426FA9A}"
EndProject
Global
	GlobalSection(SolutionConfigurationPlatforms) = preSolution
		Debug|Any CPU = Debug|Any CPU
		Release|Any CPU = Release|Any CPU
	EndGlobalSection
	GlobalSection(ProjectConfigurationPlatforms) = postSolution
		{B9956F4D-E91C-44CE-9CAD-5B91E879833C}.Debug|Any CPU.ActiveCfg = Debug|Any CPU
		{B9956F4D-E91C-44CE-9CAD-5B91E879833C}.Debug|Any CPU.Build.0 = Debug|Any CPU
		{B9956F4D-E91C-44CE-9CAD-5B91E879833C}.Release|Any CPU.ActiveCfg = Release|Any CPU
		{B9956F4D-E91C-44CE-9CAD-5B91E879833C}.Release|Any CPU.Build.0 = Release|Any CPU
		{6E84FB6D-4B3A-49FB-96D5-EF26B426FA9A}.Debug|Any CPU.ActiveCfg = Debug|Any CPU
		{6E84FB6D-4B3A-49FB-96D5-EF26B426FA9A}.Debug|Any CPU.Build.0 = Debug|Any CPU
		{6E84FB6D-4B3A-49FB-96D5-EF26B426FA9A}.Release|Any CPU.ActiveCfg = Release|Any CPU
		{6E84FB6D-4B3A-49FB-96D5-EF26B426FA9A}.Release|Any CPU.Build.0 = Release|Any CPU
	EndGlobalSection
	GlobalSection(SolutionProperties) = preSolution
		HideSolutionNode = FALSE
	EndGlobalSection
	GlobalSection(ExtensibilityGlobals) = postSolution
		SolutionGuid = {26CC92BE-C116-457C-8998-0155DE73BA12}
	EndGlobalSection
EndGlobal
